# This file was autogenerated by Stack.
# You should not edit this file by hand.
# For more information, please see the documentation at:
#   https://docs.haskellstack.org/en/stable/lock_files

packages:
- completed:
    commit: 67c84dbe212b1b5a333d9b9ff59e8eec57c291d9
    git: https://github.com/igormoreno/diagrams-input.git
    name: diagrams-input
    pantry-tree:
      sha256: d87aedd3ea17ce6446d8ca83d5b9b3b4dec6c285c3d7a842f61e75099e84e09f
      size: 1603
    version: '0.1'
  original:
    commit: 67c84dbe212b1b5a333d9b9ff59e8eec57c291d9
    git: https://github.com/igormoreno/diagrams-input.git
snapshots:
- completed:
    sha256: 9fa4bece7acfac1fc7930c5d6e24606004b09e80aa0e52e9f68b148201008db9
    size: 649606
    url: https://raw.githubusercontent.com/commercialhaskell/stackage-snapshots/master/lts/20/18.yaml
  original: lts-20.18
