# This file was autogenerated by Stack.
# You should not edit this file by hand.
# For more information, please see the documentation at:
#   https://docs.haskellstack.org/en/stable/lock_files

packages:
- completed:
    hackage: diagrams-input-0.1.3@sha256:c95d4aa87565856d12ab64687628b1127659ac4fed1cbe7b4c29275fb21f1d9d,2188
    pantry-tree:
      sha256: df6774061a1ee82e3740cba18803218b0da8ed53c976d5815bdbb63ccebf96a5
      size: 825
  original:
    hackage: diagrams-input-0.1.3
snapshots:
- completed:
    sha256: 9fa4bece7acfac1fc7930c5d6e24606004b09e80aa0e52e9f68b148201008db9
    size: 649606
    url: https://raw.githubusercontent.com/commercialhaskell/stackage-snapshots/master/lts/20/18.yaml
  original: lts-20.18
