# This file was autogenerated by Stack.
# You should not edit this file by hand.
# For more information, please see the documentation at:
#   https://docs.haskellstack.org/en/stable/lock_files

packages:
- completed:
    subdir: notional-machines
    name: notional-machines
    version: 0.1.0.0
    git: git@github.com:LuCEresearchlab/structured-notional-machines.git
    pantry-tree:
      size: 4154
      sha256: cc8dc2d710a3fe157b88efbe4e3fc7d33f5a71e9acbdfdd4eeb6679d80b3fb79
    commit: 0273673bc58c96a88d8f47eef9cd0d25a79299ba
  original:
    subdir: notional-machines
    git: git@github.com:LuCEresearchlab/structured-notional-machines.git
    commit: 0273673bc58c96a88d8f47eef9cd0d25a79299ba
snapshots:
- completed:
    size: 585392
    url: https://raw.githubusercontent.com/commercialhaskell/stackage-snapshots/master/lts/18/2.yaml
    sha256: 7abb45c0cc5eb349448b66d8753655542d45d387ad26970419282eab3d860724
  original:
    url: https://raw.githubusercontent.com/commercialhaskell/stackage-snapshots/master/lts/18/2.yaml
